
Microsoft Visual Studio Solution File, Format Version 12.00
# Visual Studio Version 17
VisualStudioVersion = 17.5.33530.505
MinimumVisualStudioVersion = 10.0.40219.1
Project("{FAE04EC0-301F-11D3-BF4B-00C04F79EFBC}") = "RustFishingBot-GUI", "RustFishingBot-GUI\RustFishingBot-GUI.csproj", "{EA9AC2A9-8E53-480D-8041-5B9256BB0377}"
EndProject
Global
	GlobalSection(SolutionConfigurationPlatforms) = preSolution
		Debug|Any CPU = Debug|Any CPU
		Release|Any CPU = Release|Any CPU
	EndGlobalSection
	GlobalSection(ProjectConfigurationPlatforms) = postSolution
		{EA9AC2A9-8E53-480D-8041-5B9256BB0377}.Debug|Any CPU.ActiveCfg = Debug|Any CPU
		{EA9AC2A9-8E53-480D-8041-5B9256BB0377}.Debug|Any CPU.Build.0 = Debug|Any CPU
		{EA9AC2A9-8E53-480D-8041-5B9256BB0377}.Release|Any CPU.ActiveCfg = Release|Any CPU
		{EA9AC2A9-8E53-480D-8041-5B9256BB0377}.Release|Any CPU.Build.0 = Release|Any CPU
	EndGlobalSection
	GlobalSection(SolutionProperties) = preSolution
		HideSolutionNode = FALSE
	EndGlobalSection
	GlobalSection(ExtensibilityGlobals) = postSolution
		SolutionGuid = {31DE4CDF-FC37-477D-A693-6756F0E92BFF}
	EndGlobalSection
EndGlobal
